# This file is autogenerated, do not edit; changes may be undone by the next 'dep ensure'.


[[projects]]
  name = "github.com/Microsoft/go-winio"
  packages = [".","internal/etw","pkg/etwlogrus","vhd"]
  revision = "1a8911d1ed007260465c3bfbbc785ac6915a0bb8"
  version = "v0.4.12"

[[projects]]
  branch = "master"
  name = "github.com/Microsoft/hcsshim"
  packages = [".","hcn","internal/cni","internal/copyfile","internal/copywithtimeout","internal/guestrequest","internal/guid","internal/hcs","internal/hcserror","internal/hns","internal/interop","internal/lcow","internal/logfields","internal/longpath","internal/mergemaps","internal/regstate","internal/requesttype","internal/runhcs","internal/safefile","internal/schema1","internal/schema2","internal/schemaversion","internal/timeout","internal/uvm","internal/uvmfolder","internal/wclayer","internal/wcow","osversion","pkg/go-runhcs","test/functional/utilities"]
  revision = "9972f06ea8ba09cdddeb5469c2b420c39d402293"

[[projects]]
  name = "github.com/blang/semver"
  packages = ["."]
  revision = "2ee87856327ba09384cabd113bc6b5d174e9ec0f"
  version = "v3.5.1"

[[projects]]
  branch = "master"
  name = "github.com/containerd/console"
  packages = ["."]
  revision = "0650fd9eeb50bab4fc99dceb9f2e14cf58f36e7f"

[[projects]]
  branch = "master"
  name = "github.com/containerd/go-runc"
  packages = ["."]
  revision = "7d11b49dc0769f6dbb0d1b19f3d48524d1bad9ad"

[[projects]]
  branch = "master"
  name = "github.com/containernetworking/cni"
  packages = ["pkg/invoke","pkg/skel","pkg/types","pkg/types/020","pkg/types/current","pkg/version"]
  revision = "0471e018e593e17c5b4eff67b1c7f33f57367bdd"

[[projects]]
  name = "github.com/hashicorp/errwrap"
  packages = ["."]
  revision = "8a6fb523712970c966eefc6b39ed2c5e74880354"
  version = "v1.0.0"

[[projects]]
  name = "github.com/hashicorp/go-multierror"
  packages = ["."]
  revision = "886a7fbe3eb1c874d46f623bfa70af45f425b3d1"
  version = "v1.0.0"

[[projects]]
  name = "github.com/konsorten/go-windows-terminal-sequences"
  packages = ["."]
  revision = "f55edac94c9bbba5d6182a4be46d86a2c9b5b50e"
  version = "v1.0.2"

[[projects]]
  branch = "master"
  name = "github.com/linuxkit/virtsock"
  packages = ["pkg/hvsock"]
  revision = "8e79449dea0735c1c056d814934dd035734cc97c"

[[projects]]
  branch = "master"
  name = "github.com/opencontainers/runtime-spec"
  packages = ["specs-go"]
  revision = "a1b50f621a48ad13f8f696a162f684a241307db0"

[[projects]]
  branch = "master"
  name = "github.com/opencontainers/runtime-tools"
  packages = ["error","filepath","generate","generate/seccomp","specerror","validate"]
  revision = "7125f1d443b030fde561b45bd0f81528f396e0dc"

[[projects]]
  name = "github.com/opencontainers/selinux"
  packages = ["go-selinux","go-selinux/label"]
  revision = "0bb7b9fa9ba5c1120e9d22caed4961fca4228408"
  version = "v1.2.1"

[[projects]]
  name = "github.com/pkg/errors"
  packages = ["."]
  revision = "ba968bfe8b2f7e042a574c888954fccecfa385b4"
  version = "v0.8.1"

[[projects]]
  name = "github.com/sirupsen/logrus"
  packages = ["."]
  revision = "8bdbc7bcc01dcbb8ec23dc8a28e332258d25251f"
  version = "v1.4.1"

[[projects]]
  branch = "master"
  name = "github.com/syndtr/gocapability"
  packages = ["capability"]
  revision = "d98352740cb2c55f81556b63d4a1ec64c5a319c2"

[[projects]]
  branch = "master"
  name = "github.com/xeipuuv/gojsonpointer"
  packages = ["."]
  revision = "4e3ac2762d5f479393488629ee9370b50873b3a6"

[[projects]]
  branch = "master"
  name = "github.com/xeipuuv/gojsonreference"
  packages = ["."]
  revision = "bd5ef7bd5415a7ac448318e64f11a24cd21e594b"

[[projects]]
  name = "github.com/xeipuuv/gojsonschema"
  packages = ["."]
  revision = "f971f3cd73b2899de6923801c147f075263e0c50"
  version = "v1.1.0"

[[projects]]
  branch = "master"
  name = "golang.org/x/sync"
  packages = ["errgroup"]
  revision = "e225da77a7e68af35c70ccbf71af2b83e6acac3c"

[[projects]]
  branch = "master"
  name = "golang.org/x/sys"
  packages = ["unix","windows","windows/registry"]
  revision = "4b34438f7a67ee5f45cc6132e2bad873a20324e9"

[solve-meta]
  analyzer-name = "dep"
  analyzer-version = 1
  inputs-digest = "45199da4c83634cde0ff98482c957e54ee6c591de39ddc1235414897ee06e015"
  solver-name = "gps-cdcl"
  solver-version = 1
